Microsoft Visual Studio Solution File, Format Version 11.00
# Visual Studio 2008

Project("{8C3C5C17-57F1-6B59-E1A4-E05ABFBBD4AA}") = "MakingLegend", "Assembly-CSharp-firstpass.csproj", "{C33EDF7A-5D0F-0E92-2B79-BD7D3B83DD52}"
EndProject
Project("{8C3C5C17-57F1-6B59-E1A4-E05ABFBBD4AA}") = "MakingLegend", "Assembly-CSharp.csproj", "{F8003A19-A4CE-9725-76B1-2E7FF063C8DB}"
EndProject
Project("{8C3C5C17-57F1-6B59-E1A4-E05ABFBBD4AA}") = "MakingLegend", "Assembly-CSharp-Editor.csproj", "{FE34B240-6667-7804-9EE3-4C0607338CDA}"
EndProject
Project("{8C3C5C17-57F1-6B59-E1A4-E05ABFBBD4AA}") = "MakingLegend", "Assembly-UnityScript-firstpass.unityproj", "{EADF0C02-F641-1616-7B37-208A9DD4EA0F}"
EndProject
Project("{8C3C5C17-57F1-6B59-E1A4-E05ABFBBD4AA}") = "MakingLegend", "Assembly-UnityScript.unityproj", "{291DB2A1-869E-5EF6-1A06-2B33F6C9ED08}"
EndProject
Global
	GlobalSection(SolutionConfigurationPlatforms) = preSolution
		Debug|Any CPU = Debug|Any CPU
		Release|Any CPU = Release|Any CPU
	EndGlobalSection
	GlobalSection(ProjectConfigurationPlatforms) = postSolution
		{C33EDF7A-5D0F-0E92-2B79-BD7D3B83DD52}.Debug|Any CPU.ActiveCfg = Debug|Any CPU
		{C33EDF7A-5D0F-0E92-2B79-BD7D3B83DD52}.Debug|Any CPU.Build.0 = Debug|Any CPU
		{C33EDF7A-5D0F-0E92-2B79-BD7D3B83DD52}.Release|Any CPU.ActiveCfg = Release|Any CPU
		{C33EDF7A-5D0F-0E92-2B79-BD7D3B83DD52}.Release|Any CPU.Build.0 = Release|Any CPU
		{F8003A19-A4CE-9725-76B1-2E7FF063C8DB}.Debug|Any CPU.ActiveCfg = Debug|Any CPU
		{F8003A19-A4CE-9725-76B1-2E7FF063C8DB}.Debug|Any CPU.Build.0 = Debug|Any CPU
		{F8003A19-A4CE-9725-76B1-2E7FF063C8DB}.Release|Any CPU.ActiveCfg = Release|Any CPU
		{F8003A19-A4CE-9725-76B1-2E7FF063C8DB}.Release|Any CPU.Build.0 = Release|Any CPU
		{FE34B240-6667-7804-9EE3-4C0607338CDA}.Debug|Any CPU.ActiveCfg = Debug|Any CPU
		{FE34B240-6667-7804-9EE3-4C0607338CDA}.Debug|Any CPU.Build.0 = Debug|Any CPU
		{FE34B240-6667-7804-9EE3-4C0607338CDA}.Release|Any CPU.ActiveCfg = Release|Any CPU
		{FE34B240-6667-7804-9EE3-4C0607338CDA}.Release|Any CPU.Build.0 = Release|Any CPU
		{EADF0C02-F641-1616-7B37-208A9DD4EA0F}.Debug|Any CPU.ActiveCfg = Debug|Any CPU
		{EADF0C02-F641-1616-7B37-208A9DD4EA0F}.Debug|Any CPU.Build.0 = Debug|Any CPU
		{EADF0C02-F641-1616-7B37-208A9DD4EA0F}.Release|Any CPU.ActiveCfg = Release|Any CPU
		{EADF0C02-F641-1616-7B37-208A9DD4EA0F}.Release|Any CPU.Build.0 = Release|Any CPU
		{291DB2A1-869E-5EF6-1A06-2B33F6C9ED08}.Debug|Any CPU.ActiveCfg = Debug|Any CPU
		{291DB2A1-869E-5EF6-1A06-2B33F6C9ED08}.Debug|Any CPU.Build.0 = Debug|Any CPU
		{291DB2A1-869E-5EF6-1A06-2B33F6C9ED08}.Release|Any CPU.ActiveCfg = Release|Any CPU
		{291DB2A1-869E-5EF6-1A06-2B33F6C9ED08}.Release|Any CPU.Build.0 = Release|Any CPU
	EndGlobalSection
	GlobalSection(SolutionProperties) = preSolution
		HideSolutionNode = FALSE
	EndGlobalSection
																																																																							GlobalSection(MonoDevelopProperties) = preSolution
		StartupItem = Assembly-CSharp.csproj
		Policies = $0
		$0.TextStylePolicy = $1
		$1.inheritsSet = null
		$1.scope = text/x-csharp
		$0.CSharpFormattingPolicy = $2
		$2.inheritsSet = Mono
		$2.inheritsScope = text/x-csharp
		$2.scope = text/x-csharp
		$0.TextStylePolicy = $3
		$3.FileWidth = 120
		$3.TabWidth = 4
		$3.EolMarker = Unix
		$3.inheritsSet = Mono
		$3.inheritsScope = text/plain
		$3.scope = text/plain
	EndGlobalSection

EndGlobal
